PODS:
  - better_player (0.0.1):
    - Flutter
    - KTVHTTPCache (~> 2.0.0)
  - CocoaAsyncSocket (7.6.5)
  - connectivity (0.0.1):
    - Flutter
    - Reachability
  - Flutter (1.0.0)
  - flutter_hls_parser (0.0.1):
    - Flutter
  - flutter_video_background (0.0.1):
    - Flutter
  - flutter_webview_plugin (0.0.1):
    - Flutter
  - FMDB (2.7.5):
    - FMDB/standard (= 2.7.5)
  - FMDB/standard (2.7.5)
  - KTVCocoaHTTPServer (1.0.0):
    - CocoaAsyncSocket
  - KTVHTTPCache (2.0.1):
    - KTVCocoaHTTPServer
  - path_provider (0.0.1):
    - Flutter
  - Reachability (3.2)
  - sqflite (0.0.2):
    - Flutter
    - FMDB (>= 2.7.5)
  - url_launcher (0.0.1):
    - Flutter
  - wakelock (0.0.1):
    - Flutter
  - webview_flutter (0.0.1):
    - Flutter

DEPENDENCIES:
  - better_player (from `.symlinks/plugins/better_player/ios`)
  - connectivity (from `.symlinks/plugins/connectivity/ios`)
  - Flutter (from `Flutter`)
  - flutter_hls_parser (from `.symlinks/plugins/flutter_hls_parser/ios`)
  - flutter_video_background (from `.symlinks/plugins/flutter_video_background/ios`)
  - flutter_webview_plugin (from `.symlinks/plugins/flutter_webview_plugin/ios`)
  - path_provider (from `.symlinks/plugins/path_provider/ios`)
  - sqflite (from `.symlinks/plugins/sqflite/ios`)
  - url_launcher (from `.symlinks/plugins/url_launcher/ios`)
  - wakelock (from `.symlinks/plugins/wakelock/ios`)
  - webview_flutter (from `.symlinks/plugins/webview_flutter/ios`)

SPEC REPOS:
  trunk:
    - CocoaAsyncSocket
    - FMDB
    - KTVCocoaHTTPServer
    - KTVHTTPCache
    - Reachability

EXTERNAL SOURCES:
  better_player:
    :path: ".symlinks/plugins/better_player/ios"
  connectivity:
    :path: ".symlinks/plugins/connectivity/ios"
  Flutter:
    :path: Flutter
  flutter_hls_parser:
    :path: ".symlinks/plugins/flutter_hls_parser/ios"
  flutter_video_background:
    :path: ".symlinks/plugins/flutter_video_background/ios"
  flutter_webview_plugin:
    :path: ".symlinks/plugins/flutter_webview_plugin/ios"
  path_provider:
    :path: ".symlinks/plugins/path_provider/ios"
  sqflite:
    :path: ".symlinks/plugins/sqflite/ios"
  url_launcher:
    :path: ".symlinks/plugins/url_launcher/ios"
  wakelock:
    :path: ".symlinks/plugins/wakelock/ios"
  webview_flutter:
    :path: ".symlinks/plugins/webview_flutter/ios"

SPEC CHECKSUMS:
  better_player: a4383402f457e53720525888c0fc5d337ef6ba11
  CocoaAsyncSocket: 065fd1e645c7abab64f7a6a2007a48038fdc6a99
  connectivity: c4130b2985d4ef6fd26f9702e886bd5260681467
  Flutter: 0e3d915762c693b495b44d77113d4970485de6ec
  flutter_hls_parser: be41df963ec4f909fb5c318d483c4483556553e0
  flutter_video_background: 39eb22c185462f29f3e41f19e61e322afe4cc3c1
  flutter_webview_plugin: ed9e8a6a96baf0c867e90e1bce2673913eeac694
  FMDB: 2ce00b547f966261cd18927a3ddb07cb6f3db82a
  KTVCocoaHTTPServer: df8d7b861e603ff8037e9b2138aca2563a6b768d
  KTVHTTPCache: 588c3eb16f6bd1e6fde1e230dabfb7bd4e490a4d
  path_provider: abfe2b5c733d04e238b0d8691db0cfd63a27a93c
  Reachability: 33e18b67625424e47b6cde6d202dce689ad7af96
  sqflite: 6d358c025f5b867b29ed92fc697fd34924e11904
  url_launcher: 6fef411d543ceb26efce54b05a0a40bfd74cbbef
  wakelock: bfc7955c418d0db797614075aabbc58a39ab5107
  webview_flutter: d2b4d6c66968ad042ad94cbb791f5b72b4678a96

PODFILE CHECKSUM: aafe91acc616949ddb318b77800a7f51bffa2a4c

COCOAPODS: 1.10.1
